
Microsoft Visual Studio Solution File, Format Version 12.00
# Visual Studio Version 16
VisualStudioVersion = 16.0.32106.194
MinimumVisualStudioVersion = 10.0.40219.1
Project("{FAE04EC0-301F-11D3-BF4B-00C04F79EFBC}") = "SerialPortTester", "SerialPortTester\SerialPortTester.csproj", "{8EA70B14-7C30-400D-B33E-72EE47FF63D8}"
EndProject
Project("{FAE04EC0-301F-11D3-BF4B-00C04F79EFBC}") = "SerialPortConnectModule", "SerialPortConnectModule\SerialPortConnectModule.csproj", "{32747E53-A378-4158-9898-A11CFB4356FB}"
EndProject
Global
	GlobalSection(SolutionConfigurationPlatforms) = preSolution
		Debug|Any CPU = Debug|Any CPU
		Release|Any CPU = Release|Any CPU
	EndGlobalSection
	GlobalSection(ProjectConfigurationPlatforms) = postSolution
		{8EA70B14-7C30-400D-B33E-72EE47FF63D8}.Debug|Any CPU.ActiveCfg = Debug|Any CPU
		{8EA70B14-7C30-400D-B33E-72EE47FF63D8}.Debug|Any CPU.Build.0 = Debug|Any CPU
		{8EA70B14-7C30-400D-B33E-72EE47FF63D8}.Release|Any CPU.ActiveCfg = Release|Any CPU
		{8EA70B14-7C30-400D-B33E-72EE47FF63D8}.Release|Any CPU.Build.0 = Release|Any CPU
		{32747E53-A378-4158-9898-A11CFB4356FB}.Debug|Any CPU.ActiveCfg = Debug|Any CPU
		{32747E53-A378-4158-9898-A11CFB4356FB}.Debug|Any CPU.Build.0 = Debug|Any CPU
		{32747E53-A378-4158-9898-A11CFB4356FB}.Release|Any CPU.ActiveCfg = Release|Any CPU
		{32747E53-A378-4158-9898-A11CFB4356FB}.Release|Any CPU.Build.0 = Release|Any CPU
	EndGlobalSection
	GlobalSection(SolutionProperties) = preSolution
		HideSolutionNode = FALSE
	EndGlobalSection
	GlobalSection(ExtensibilityGlobals) = postSolution
		SolutionGuid = {48E0AEE9-403A-44BB-A6C1-B73249B5F28A}
	EndGlobalSection
EndGlobal
